// !$*UTF8*$!
{
	archiveVersion = 1;
	classes = {
	};
	objectVersion = 46;
	objects = {

/* Begin PBXBuildFile section */
		FC25D4101EB674A900A636DD /* Swift-MD5.swift in Sources */ = {isa = PBXBuildFile; fileRef = FC25D40F1EB674A900A636DD /* Swift-MD5.swift */; };
		FC943BB31EB4F30A003A4107 /* CharacterCell.swift in Sources */ = {isa = PBXBuildFile; fileRef = FC943BB21EB4F30A003A4107 /* CharacterCell.swift */; };
		FC943BDB1EB60CED003A4107 /* CharacterDetailViewController.swift in Sources */ = {isa = PBXBuildFile; fileRef = FC943BDA1EB60CED003A4107 /* CharacterDetailViewController.swift */; };
		FC978E871EB39CDE000C00C0 /* AppDelegate.swift in Sources */ = {isa = PBXBuildFile; fileRef = FC978E861EB39CDE000C00C0 /* AppDelegate.swift */; };
		FC978E8C1EB39CDE000C00C0 /* Main.storyboard in Resources */ = {isa = PBXBuildFile; fileRef = FC978E8A1EB39CDE000C00C0 /* Main.storyboard */; };
		FC978E8E1EB39CDE000C00C0 /* Assets.xcassets in Resources */ = {isa = PBXBuildFile; fileRef = FC978E8D1EB39CDE000C00C0 /* Assets.xcassets */; };
		FC978E911EB39CDE000C00C0 /* LaunchScreen.storyboard in Resources */ = {isa = PBXBuildFile; fileRef = FC978E8F1EB39CDE000C00C0 /* LaunchScreen.storyboard */; };
		FC978E9C1EB3A011000C00C0 /* CharactersViewController.swift in Sources */ = {isa = PBXBuildFile; fileRef = FC978E9B1EB3A011000C00C0 /* CharactersViewController.swift */; };
		FC978E9E1EB3A223000C00C0 /* KeepCalm-Medium.ttf in Resources */ = {isa = PBXBuildFile; fileRef = FC978E9D1EB3A223000C00C0 /* KeepCalm-Medium.ttf */; };
		FCEC18DC1EB3E04E00BB27C0 /* Character.swift in Sources */ = {isa = PBXBuildFile; fileRef = FCEC18DB1EB3E04E00BB27C0 /* Character.swift */; };
		FCEC18DE1EB3E40000BB27C0 /* ChacaterManager.swift in Sources */ = {isa = PBXBuildFile; fileRef = FCEC18DD1EB3E40000BB27C0 /* ChacaterManager.swift */; };
		FCEC18E01EB3E73000BB27C0 /* MarvelAPI.swift in Sources */ = {isa = PBXBuildFile; fileRef = FCEC18DF1EB3E73000BB27C0 /* MarvelAPI.swift */; };
		FCEC18E31EB3F10D00BB27C0 /* Constants.swift in Sources */ = {isa = PBXBuildFile; fileRef = FCEC18E21EB3F10D00BB27C0 /* Constants.swift */; };
/* End PBXBuildFile section */

/* Begin PBXCopyFilesBuildPhase section */
		FC25D4D81EB743E200A636DD /* CopyFiles */ = {
			isa = PBXCopyFilesBuildPhase;
			buildActionMask = 2147483647;
			dstPath = "";
			dstSubfolderSpec = 10;
			files = (
			);
			runOnlyForDeploymentPostprocessing = 0;
		};
/* End PBXCopyFilesBuildPhase section */

/* Begin PBXFileReference section */
		FC25D40F1EB674A900A636DD /* Swift-MD5.swift */ = {isa = PBXFileReference; fileEncoding = 4; lastKnownFileType = sourcecode.swift; path = "Swift-MD5.swift"; sourceTree = "<group>"; };
		FC85D9051EB7499C00FB8A0B /* Marvelous-Bridging-Header.h */ = {isa = PBXFileReference; lastKnownFileType = sourcecode.c.h; path = "Marvelous-Bridging-Header.h"; sourceTree = SOURCE_ROOT; };
		FC943BB21EB4F30A003A4107 /* CharacterCell.swift */ = {isa = PBXFileReference; fileEncoding = 4; lastKnownFileType = sourcecode.swift; path = CharacterCell.swift; sourceTree = "<group>"; };
		FC943BDA1EB60CED003A4107 /* CharacterDetailViewController.swift */ = {isa = PBXFileReference; fileEncoding = 4; lastKnownFileType = sourcecode.swift; path = CharacterDetailViewController.swift; sourceTree = "<group>"; };
		FC978E831EB39CDE000C00C0 /* Marvelous.app */ = {isa = PBXFileReference; explicitFileType = wrapper.application; includeInIndex = 0; path = Marvelous.app; sourceTree = BUILT_PRODUCTS_DIR; };
		FC978E861EB39CDE000C00C0 /* AppDelegate.swift */ = {isa = PBXFileReference; lastKnownFileType = sourcecode.swift; path = AppDelegate.swift; sourceTree = "<group>"; };
		FC978E8B1EB39CDE000C00C0 /* Base */ = {isa = PBXFileReference; lastKnownFileType = file.storyboard; name = Base; path = Base.lproj/Main.storyboard; sourceTree = "<group>"; };
		FC978E8D1EB39CDE000C00C0 /* Assets.xcassets */ = {isa = PBXFileReference; lastKnownFileType = folder.assetcatalog; path = Assets.xcassets; sourceTree = "<group>"; };
		FC978E901EB39CDE000C00C0 /* Base */ = {isa = PBXFileReference; lastKnownFileType = file.storyboard; name = Base; path = Base.lproj/LaunchScreen.storyboard; sourceTree = "<group>"; };
		FC978E921EB39CDE000C00C0 /* Info.plist */ = {isa = PBXFileReference; lastKnownFileType = text.plist.xml; path = Info.plist; sourceTree = "<group>"; };
		FC978E9B1EB3A011000C00C0 /* CharactersViewController.swift */ = {isa = PBXFileReference; fileEncoding = 4; lastKnownFileType = sourcecode.swift; path = CharactersViewController.swift; sourceTree = "<group>"; };
		FC978E9D1EB3A223000C00C0 /* KeepCalm-Medium.ttf */ = {isa = PBXFileReference; lastKnownFileType = file; path = "KeepCalm-Medium.ttf"; sourceTree = "<group>"; };
		FCEC18DB1EB3E04E00BB27C0 /* Character.swift */ = {isa = PBXFileReference; fileEncoding = 4; lastKnownFileType = sourcecode.swift; path = Character.swift; sourceTree = "<group>"; };
		FCEC18DD1EB3E40000BB27C0 /* ChacaterManager.swift */ = {isa = PBXFileReference; fileEncoding = 4; lastKnownFileType = sourcecode.swift; path = ChacaterManager.swift; sourceTree = "<group>"; };
		FCEC18DF1EB3E73000BB27C0 /* MarvelAPI.swift */ = {isa = PBXFileReference; fileEncoding = 4; lastKnownFileType = sourcecode.swift; path = MarvelAPI.swift; sourceTree = "<group>"; };
		FCEC18E21EB3F10D00BB27C0 /* Constants.swift */ = {isa = PBXFileReference; fileEncoding = 4; lastKnownFileType = sourcecode.swift; path = Constants.swift; sourceTree = "<group>"; };
/* End PBXFileReference section */

/* Begin PBXFrameworksBuildPhase section */
		FC978E801EB39CDE000C00C0 /* Frameworks */ = {
			isa = PBXFrameworksBuildPhase;
			buildActionMask = 2147483647;
			files = (
			);
			runOnlyForDeploymentPostprocessing = 0;
		};
/* End PBXFrameworksBuildPhase section */

/* Begin PBXGroup section */
		FC943BB11EB4F2F4003A4107 /* Cells */ = {
			isa = PBXGroup;
			children = (
				FC943BB21EB4F30A003A4107 /* CharacterCell.swift */,
			);
			name = Cells;
			sourceTree = "<group>";
		};
		FC978E7A1EB39CDE000C00C0 = {
			isa = PBXGroup;
			children = (
				FC978E851EB39CDE000C00C0 /* Marvelous */,
				FC978E841EB39CDE000C00C0 /* Products */,
			);
			sourceTree = "<group>";
		};
		FC978E841EB39CDE000C00C0 /* Products */ = {
			isa = PBXGroup;
			children = (
				FC978E831EB39CDE000C00C0 /* Marvelous.app */,
			);
			name = Products;
			sourceTree = "<group>";
		};
		FC978E851EB39CDE000C00C0 /* Marvelous */ = {
			isa = PBXGroup;
			children = (
				FCEC18E11EB3E73500BB27C0 /* Networking */,
				FC978EA11EB3A389000C00C0 /* Model */,
				FC978EA01EB3A384000C00C0 /* View */,
				FC978E9F1EB3A37D000C00C0 /* Controller */,
				FC978E861EB39CDE000C00C0 /* AppDelegate.swift */,
				FC978E8D1EB39CDE000C00C0 /* Assets.xcassets */,
				FC978E921EB39CDE000C00C0 /* Info.plist */,
				FC978E9A1EB39ED4000C00C0 /* Resources */,
				FC85D9051EB7499C00FB8A0B /* Marvelous-Bridging-Header.h */,
			);
			path = Marvelous;
			sourceTree = "<group>";
		};
		FC978E9A1EB39ED4000C00C0 /* Resources */ = {
			isa = PBXGroup;
			children = (
				FC978E9D1EB3A223000C00C0 /* KeepCalm-Medium.ttf */,
				FCEC18E21EB3F10D00BB27C0 /* Constants.swift */,
				FC25D40F1EB674A900A636DD /* Swift-MD5.swift */,
			);
			name = Resources;
			sourceTree = "<group>";
		};
		FC978E9F1EB3A37D000C00C0 /* Controller */ = {
			isa = PBXGroup;
			children = (
				FC978E9B1EB3A011000C00C0 /* CharactersViewController.swift */,
				FC943BDA1EB60CED003A4107 /* CharacterDetailViewController.swift */,
			);
			name = Controller;
			sourceTree = "<group>";
		};
		FC978EA01EB3A384000C00C0 /* View */ = {
			isa = PBXGroup;
			children = (
				FC943BB11EB4F2F4003A4107 /* Cells */,
				FC978E8A1EB39CDE000C00C0 /* Main.storyboard */,
				FC978E8F1EB39CDE000C00C0 /* LaunchScreen.storyboard */,
			);
			name = View;
			sourceTree = "<group>";
		};
		FC978EA11EB3A389000C00C0 /* Model */ = {
			isa = PBXGroup;
			children = (
				FCEC18DB1EB3E04E00BB27C0 /* Character.swift */,
				FCEC18DD1EB3E40000BB27C0 /* ChacaterManager.swift */,
			);
			name = Model;
			sourceTree = "<group>";
		};
		FCEC18E11EB3E73500BB27C0 /* Networking */ = {
			isa = PBXGroup;
			children = (
				FCEC18DF1EB3E73000BB27C0 /* MarvelAPI.swift */,
			);
			name = Networking;
			sourceTree = "<group>";
		};
/* End PBXGroup section */

/* Begin PBXNativeTarget section */
		FC978E821EB39CDE000C00C0 /* Marvelous */ = {
			isa = PBXNativeTarget;
			buildConfigurationList = FC978E951EB39CDE000C00C0 /* Build configuration list for PBXNativeTarget "Marvelous" */;
			buildPhases = (
				FC978E7F1EB39CDE000C00C0 /* Sources */,
				FC978E801EB39CDE000C00C0 /* Frameworks */,
				FC978E811EB39CDE000C00C0 /* Resources */,
				FC25D4D81EB743E200A636DD /* CopyFiles */,
			);
			buildRules = (
			);
			dependencies = (
			);
			name = Marvelous;
			productName = Marvelous;
			productReference = FC978E831EB39CDE000C00C0 /* Marvelous.app */;
			productType = "com.apple.product-type.application";
		};
/* End PBXNativeTarget section */

/* Begin PBXProject section */
		FC978E7B1EB39CDE000C00C0 /* Project object */ = {
			isa = PBXProject;
			attributes = {
				LastSwiftUpdateCheck = 0820;
				LastUpgradeCheck = 0820;
				ORGANIZATIONNAME = "Edouard Barbier";
				TargetAttributes = {
					FC978E821EB39CDE000C00C0 = {
						CreatedOnToolsVersion = 8.2.1;
						DevelopmentTeam = N9Z7QYJ8W4;
						ProvisioningStyle = Automatic;
					};
				};
			};
			buildConfigurationList = FC978E7E1EB39CDE000C00C0 /* Build configuration list for PBXProject "Marvelous" */;
			compatibilityVersion = "Xcode 3.2";
			developmentRegion = English;
			hasScannedForEncodings = 0;
			knownRegions = (
				en,
				Base,
			);
			mainGroup = FC978E7A1EB39CDE000C00C0;
			productRefGroup = FC978E841EB39CDE000C00C0 /* Products */;
			projectDirPath = "";
			projectRoot = "";
			targets = (
				FC978E821EB39CDE000C00C0 /* Marvelous */,
			);
		};
/* End PBXProject section */

/* Begin PBXResourcesBuildPhase section */
		FC978E811EB39CDE000C00C0 /* Resources */ = {
			isa = PBXResourcesBuildPhase;
			buildActionMask = 2147483647;
			files = (
				FC978E911EB39CDE000C00C0 /* LaunchScreen.storyboard in Resources */,
				FC978E8E1EB39CDE000C00C0 /* Assets.xcassets in Resources */,
				FC978E8C1EB39CDE000C00C0 /* Main.storyboard in Resources */,
				FC978E9E1EB3A223000C00C0 /* KeepCalm-Medium.ttf in Resources */,
			);
			runOnlyForDeploymentPostprocessing = 0;
		};
/* End PBXResourcesBuildPhase section */

/* Begin PBXSourcesBuildPhase section */
		FC978E7F1EB39CDE000C00C0 /* Sources */ = {
			isa = PBXSourcesBuildPhase;
			buildActionMask = 2147483647;
			files = (
				FCEC18E01EB3E73000BB27C0 /* MarvelAPI.swift in Sources */,
				FCEC18DC1EB3E04E00BB27C0 /* Character.swift in Sources */,
				FC978E9C1EB3A011000C00C0 /* CharactersViewController.swift in Sources */,
				FC25D4101EB674A900A636DD /* Swift-MD5.swift in Sources */,
				FC943BB31EB4F30A003A4107 /* CharacterCell.swift in Sources */,
				FCEC18DE1EB3E40000BB27C0 /* ChacaterManager.swift in Sources */,
				FC943BDB1EB60CED003A4107 /* CharacterDetailViewController.swift in Sources */,
				FCEC18E31EB3F10D00BB27C0 /* Constants.swift in Sources */,
				FC978E871EB39CDE000C00C0 /* AppDelegate.swift in Sources */,
			);
			runOnlyForDeploymentPostprocessing = 0;
		};
/* End PBXSourcesBuildPhase section */

/* Begin PBXVariantGroup section */
		FC978E8A1EB39CDE000C00C0 /* Main.storyboard */ = {
			isa = PBXVariantGroup;
			children = (
				FC978E8B1EB39CDE000C00C0 /* Base */,
			);
			name = Main.storyboard;
			sourceTree = "<group>";
		};
		FC978E8F1EB39CDE000C00C0 /* LaunchScreen.storyboard */ = {
			isa = PBXVariantGroup;
			children = (
				FC978E901EB39CDE000C00C0 /* Base */,
			);
			name = LaunchScreen.storyboard;
			sourceTree = "<group>";
		};
/* End PBXVariantGroup section */

/* Begin XCBuildConfiguration section */
		FC978E931EB39CDE000C00C0 /* Debug */ = {
			isa = XCBuildConfiguration;
			buildSettings = {
				ALWAYS_SEARCH_USER_PATHS = NO;
				CLANG_ANALYZER_NONNULL = YES;
				CLANG_CXX_LANGUAGE_STANDARD = "gnu++0x";
				CLANG_CXX_LIBRARY = "libc++";
				CLANG_ENABLE_MODULES = YES;
				CLANG_ENABLE_OBJC_ARC = YES;
				CLANG_WARN_BOOL_CONVERSION = YES;
				CLANG_WARN_CONSTANT_CONVERSION = YES;
				CLANG_WARN_DIRECT_OBJC_ISA_USAGE = YES_ERROR;
				CLANG_WARN_DOCUMENTATION_COMMENTS = YES;
				CLANG_WARN_EMPTY_BODY = YES;
				CLANG_WARN_ENUM_CONVERSION = YES;
				CLANG_WARN_INFINITE_RECURSION = YES;
				CLANG_WARN_INT_CONVERSION = YES;
				CLANG_WARN_OBJC_ROOT_CLASS = YES_ERROR;
				CLANG_WARN_SUSPICIOUS_MOVE = YES;
				CLANG_WARN_UNREACHABLE_CODE = YES;
				CLANG_WARN__DUPLICATE_METHOD_MATCH = YES;
				"CODE_SIGN_IDENTITY[sdk=iphoneos*]" = "iPhone Developer";
				COPY_PHASE_STRIP = NO;
				DEBUG_INFORMATION_FORMAT = dwarf;
				ENABLE_STRICT_OBJC_MSGSEND = YES;
				ENABLE_TESTABILITY = YES;
				GCC_C_LANGUAGE_STANDARD = gnu99;
				GCC_DYNAMIC_NO_PIC = NO;
				GCC_NO_COMMON_BLOCKS = YES;
				GCC_OPTIMIZATION_LEVEL = 0;
				GCC_PREPROCESSOR_DEFINITIONS = (
					"DEBUG=1",
					"$(inherited)",
				);
				GCC_WARN_64_TO_32_BIT_CONVERSION = YES;
				GCC_WARN_ABOUT_RETURN_TYPE = YES_ERROR;
				GCC_WARN_UNDECLARED_SELECTOR = YES;
				GCC_WARN_UNINITIALIZED_AUTOS = YES_AGGRESSIVE;
				GCC_WARN_UNUSED_FUNCTION = YES;
				GCC_WARN_UNUSED_VARIABLE = YES;
				IPHONEOS_DEPLOYMENT_TARGET = 10.2;
				MTL_ENABLE_DEBUG_INFO = YES;
				ONLY_ACTIVE_ARCH = YES;
				SDKROOT = iphoneos;
				SWIFT_ACTIVE_COMPILATION_CONDITIONS = DEBUG;
				SWIFT_OBJC_BRIDGING_HEADER = "Marvelous-Bridging-Header.h";
				SWIFT_OPTIMIZATION_LEVEL = "-Onone";
				TARGETED_DEVICE_FAMILY = "1,2";
			};
			name = Debug;
		};
		FC978E941EB39CDE000C00C0 /* Release */ = {
			isa = XCBuildConfiguration;
			buildSettings = {
				ALWAYS_SEARCH_USER_PATHS = NO;
				CLANG_ANALYZER_NONNULL = YES;
				CLANG_CXX_LANGUAGE_STANDARD = "gnu++0x";
				CLANG_CXX_LIBRARY = "libc++";
				CLANG_ENABLE_MODULES = YES;
				CLANG_ENABLE_OBJC_ARC = YES;
				CLANG_WARN_BOOL_CONVERSION = YES;
				CLANG_WARN_CONSTANT_CONVERSION = YES;
				CLANG_WARN_DIRECT_OBJC_ISA_USAGE = YES_ERROR;
				CLANG_WARN_DOCUMENTATION_COMMENTS = YES;
				CLANG_WARN_EMPTY_BODY = YES;
				CLANG_WARN_ENUM_CONVERSION = YES;
				CLANG_WARN_INFINITE_RECURSION = YES;
				CLANG_WARN_INT_CONVERSION = YES;
				CLANG_WARN_OBJC_ROOT_CLASS = YES_ERROR;
				CLANG_WARN_SUSPICIOUS_MOVE = YES;
				CLANG_WARN_UNREACHABLE_CODE = YES;
				CLANG_WARN__DUPLICATE_METHOD_MATCH = YES;
				"CODE_SIGN_IDENTITY[sdk=iphoneos*]" = "iPhone Developer";
				COPY_PHASE_STRIP = NO;
				DEBUG_INFORMATION_FORMAT = "dwarf-with-dsym";
				ENABLE_NS_ASSERTIONS = NO;
				ENABLE_STRICT_OBJC_MSGSEND = YES;
				GCC_C_LANGUAGE_STANDARD = gnu99;
				GCC_NO_COMMON_BLOCKS = YES;
				GCC_WARN_64_TO_32_BIT_CONVERSION = YES;
				GCC_WARN_ABOUT_RETURN_TYPE = YES_ERROR;
				GCC_WARN_UNDECLARED_SELECTOR = YES;
				GCC_WARN_UNINITIALIZED_AUTOS = YES_AGGRESSIVE;
				GCC_WARN_UNUSED_FUNCTION = YES;
				GCC_WARN_UNUSED_VARIABLE = YES;
				IPHONEOS_DEPLOYMENT_TARGET = 10.2;
				MTL_ENABLE_DEBUG_INFO = NO;
				SDKROOT = iphoneos;
				SWIFT_OBJC_BRIDGING_HEADER = "Marvelous-Bridging-Header.h";
				SWIFT_OPTIMIZATION_LEVEL = "-Owholemodule";
				TARGETED_DEVICE_FAMILY = "1,2";
				VALIDATE_PRODUCT = YES;
			};
			name = Release;
		};
		FC978E961EB39CDE000C00C0 /* Debug */ = {
			isa = XCBuildConfiguration;
			buildSettings = {
				ASSETCATALOG_COMPILER_APPICON_NAME = AppIcon;
				DEVELOPMENT_TEAM = N9Z7QYJ8W4;
				INFOPLIST_FILE = Marvelous/Info.plist;
				LD_RUNPATH_SEARCH_PATHS = "$(inherited) @executable_path/Frameworks";
				PRODUCT_BUNDLE_IDENTIFIER = EdouardBarbier.Marvelous;
				PRODUCT_NAME = "$(TARGET_NAME)";
				SWIFT_VERSION = 3.0;
			};
			name = Debug;
		};
		FC978E971EB39CDE000C00C0 /* Release */ = {
			isa = XCBuildConfiguration;
			buildSettings = {
				ASSETCATALOG_COMPILER_APPICON_NAME = AppIcon;
				DEVELOPMENT_TEAM = N9Z7QYJ8W4;
				INFOPLIST_FILE = Marvelous/Info.plist;
				LD_RUNPATH_SEARCH_PATHS = "$(inherited) @executable_path/Frameworks";
				PRODUCT_BUNDLE_IDENTIFIER = EdouardBarbier.Marvelous;
				PRODUCT_NAME = "$(TARGET_NAME)";
				SWIFT_VERSION = 3.0;
			};
			name = Release;
		};
/* End XCBuildConfiguration section */

/* Begin XCConfigurationList section */
		FC978E7E1EB39CDE000C00C0 /* Build configuration list for PBXProject "Marvelous" */ = {
			isa = XCConfigurationList;
			buildConfigurations = (
				FC978E931EB39CDE000C00C0 /* Debug */,
				FC978E941EB39CDE000C00C0 /* Release */,
			);
			defaultConfigurationIsVisible = 0;
			defaultConfigurationName = Release;
		};
		FC978E951EB39CDE000C00C0 /* Build configuration list for PBXNativeTarget "Marvelous" */ = {
			isa = XCConfigurationList;
			buildConfigurations = (
				FC978E961EB39CDE000C00C0 /* Debug */,
				FC978E971EB39CDE000C00C0 /* Release */,
			);
			defaultConfigurationIsVisible = 0;
			defaultConfigurationName = Release;
		};
/* End XCConfigurationList section */
	};
	rootObject = FC978E7B1EB39CDE000C00C0 /* Project object */;
}
